
Microsoft Visual Studio Solution File, Format Version 12.00
# Visual Studio Version 18
VisualStudioVersion = 18.3.11505.172
MinimumVisualStudioVersion = 10.0.40219.1
Project("{FAE04EC0-301F-11D3-BF4B-00C04F79EFBC}") = "Gacha", "Gacha.csproj", "{F26340AE-ABA8-140D-A4B1-2373387AE27F}"
EndProject
Project("{FAE04EC0-301F-11D3-BF4B-00C04F79EFBC}") = "Backend", "..\Backend\Backend.csproj", "{D92F0144-8E6E-465F-9EE8-78C4361CB4CF}"
EndProject
Global
	GlobalSection(SolutionConfigurationPlatforms) = preSolution
		Debug|Any CPU = Debug|Any CPU
		Debug|x64 = Debug|x64
		Debug|x86 = Debug|x86
		Release|Any CPU = Release|Any CPU
		Release|x64 = Release|x64
		Release|x86 = Release|x86
	EndGlobalSection
	GlobalSection(ProjectConfigurationPlatforms) = postSolution
		{F26340AE-ABA8-140D-A4B1-2373387AE27F}.Debug|Any CPU.ActiveCfg = Debug|Any CPU
		{F26340AE-ABA8-140D-A4B1-2373387AE27F}.Debug|Any CPU.Build.0 = Debug|Any CPU
		{F26340AE-ABA8-140D-A4B1-2373387AE27F}.Debug|x64.ActiveCfg = Debug|Any CPU
		{F26340AE-ABA8-140D-A4B1-2373387AE27F}.Debug|x64.Build.0 = Debug|Any CPU
		{F26340AE-ABA8-140D-A4B1-2373387AE27F}.Debug|x86.ActiveCfg = Debug|Any CPU
		{F26340AE-ABA8-140D-A4B1-2373387AE27F}.Debug|x86.Build.0 = Debug|Any CPU
		{F26340AE-ABA8-140D-A4B1-2373387AE27F}.Release|Any CPU.ActiveCfg = Release|Any CPU
		{F26340AE-ABA8-140D-A4B1-2373387AE27F}.Release|Any CPU.Build.0 = Release|Any CPU
		{F26340AE-ABA8-140D-A4B1-2373387AE27F}.Release|x64.ActiveCfg = Release|Any CPU
		{F26340AE-ABA8-140D-A4B1-2373387AE27F}.Release|x64.Build.0 = Release|Any CPU
		{F26340AE-ABA8-140D-A4B1-2373387AE27F}.Release|x86.ActiveCfg = Release|Any CPU
		{F26340AE-ABA8-140D-A4B1-2373387AE27F}.Release|x86.Build.0 = Release|Any CPU
		{D92F0144-8E6E-465F-9EE8-78C4361CB4CF}.Debug|Any CPU.ActiveCfg = Debug|Any CPU
		{D92F0144-8E6E-465F-9EE8-78C4361CB4CF}.Debug|Any CPU.Build.0 = Debug|Any CPU
		{D92F0144-8E6E-465F-9EE8-78C4361CB4CF}.Debug|x64.ActiveCfg = Debug|Any CPU
		{D92F0144-8E6E-465F-9EE8-78C4361CB4CF}.Debug|x64.Build.0 = Debug|Any CPU
		{D92F0144-8E6E-465F-9EE8-78C4361CB4CF}.Debug|x86.ActiveCfg = Debug|Any CPU
		{D92F0144-8E6E-465F-9EE8-78C4361CB4CF}.Debug|x86.Build.0 = Debug|Any CPU
		{D92F0144-8E6E-465F-9EE8-78C4361CB4CF}.Release|Any CPU.ActiveCfg = Release|Any CPU
		{D92F0144-8E6E-465F-9EE8-78C4361CB4CF}.Release|Any CPU.Build.0 = Release|Any CPU
		{D92F0144-8E6E-465F-9EE8-78C4361CB4CF}.Release|x64.ActiveCfg = Release|Any CPU
		{D92F0144-8E6E-465F-9EE8-78C4361CB4CF}.Release|x64.Build.0 = Release|Any CPU
		{D92F0144-8E6E-465F-9EE8-78C4361CB4CF}.Release|x86.ActiveCfg = Release|Any CPU
		{D92F0144-8E6E-465F-9EE8-78C4361CB4CF}.Release|x86.Build.0 = Release|Any CPU
	EndGlobalSection
	GlobalSection(SolutionProperties) = preSolution
		HideSolutionNode = FALSE
	EndGlobalSection
	GlobalSection(ExtensibilityGlobals) = postSolution
		SolutionGuid = {38E5C0D0-3EF7-48C6-A3F5-7DF261830A4E}
	EndGlobalSection
EndGlobal
